{
  "name": "backend",
  "lockfileVersion": 3,
  "requires": true,
  "packages": {
    "": {
      "dependencies": {
        "pydantic-settings": "^0.0.1-security"
      }
    },
    "node_modules/pydantic-settings": {
      "version": "0.0.1-security",
      "resolved": "https://registry.npmjs.org/pydantic-settings/-/pydantic-settings-0.0.1-security.tgz",
      "integrity": "sha512-HY5ujNHQjS/QmI4YuW+S+1ll+7p00JxO7bUGOlWRhRcnt+dynoPZb+pSmAroqlK0QXEasMlgfjZfGgT3+9BDKw=="
    }
  }
}
